// !$*UTF8*$!
{
	archiveVersion = 1;
	classes = {
	};
	objectVersion = 50;
	objects = {

/* Begin PBXBuildFile section */
		B82EC3A7243D151D00BB0657 /* ShortcutFactory.swift in Sources */ = {isa = PBXBuildFile; fileRef = B82EC3A6243D151D00BB0657 /* ShortcutFactory.swift */; };
		B82EC3A9243D179200BB0657 /* ShortcutItemManager.swift in Sources */ = {isa = PBXBuildFile; fileRef = B82EC3A8243D179200BB0657 /* ShortcutItemManager.swift */; };
		B82EC3AD243D1A2300BB0657 /* RegisteredItems.swift in Sources */ = {isa = PBXBuildFile; fileRef = B82EC3AC243D1A2300BB0657 /* RegisteredItems.swift */; };
		B84FA22F243CB59D00490CA6 /* AppDelegate.swift in Sources */ = {isa = PBXBuildFile; fileRef = B84FA22E243CB59D00490CA6 /* AppDelegate.swift */; };
		B84FA233243CB59D00490CA6 /* ViewController.swift in Sources */ = {isa = PBXBuildFile; fileRef = B84FA232243CB59D00490CA6 /* ViewController.swift */; };
		B84FA236243CB59D00490CA6 /* Main.storyboard in Resources */ = {isa = PBXBuildFile; fileRef = B84FA234243CB59D00490CA6 /* Main.storyboard */; };
		B84FA238243CB5A200490CA6 /* Assets.xcassets in Resources */ = {isa = PBXBuildFile; fileRef = B84FA237243CB5A200490CA6 /* Assets.xcassets */; };
		B84FA23B243CB5A200490CA6 /* LaunchScreen.storyboard in Resources */ = {isa = PBXBuildFile; fileRef = B84FA239243CB5A200490CA6 /* LaunchScreen.storyboard */; };
		B84FA244243CB8DD00490CA6 /* AppCoordinator.swift in Sources */ = {isa = PBXBuildFile; fileRef = B84FA243243CB8DD00490CA6 /* AppCoordinator.swift */; };
		B84FA246243CB91300490CA6 /* Coordinator.swift in Sources */ = {isa = PBXBuildFile; fileRef = B84FA245243CB91300490CA6 /* Coordinator.swift */; };
		B84FA248243CB97700490CA6 /* MainCoordinator.swift in Sources */ = {isa = PBXBuildFile; fileRef = B84FA247243CB97700490CA6 /* MainCoordinator.swift */; };
		B8719096243E5599001E4E53 /* SecondViewController.swift in Sources */ = {isa = PBXBuildFile; fileRef = B8719095243E5599001E4E53 /* SecondViewController.swift */; };
		B8719098243E5639001E4E53 /* HighlightViewController.swift in Sources */ = {isa = PBXBuildFile; fileRef = B8719097243E5639001E4E53 /* HighlightViewController.swift */; };
/* End PBXBuildFile section */

/* Begin PBXFileReference section */
		B82EC3A6243D151D00BB0657 /* ShortcutFactory.swift */ = {isa = PBXFileReference; lastKnownFileType = sourcecode.swift; path = ShortcutFactory.swift; sourceTree = "<group>"; };
		B82EC3A8243D179200BB0657 /* ShortcutItemManager.swift */ = {isa = PBXFileReference; lastKnownFileType = sourcecode.swift; path = ShortcutItemManager.swift; sourceTree = "<group>"; };
		B82EC3AC243D1A2300BB0657 /* RegisteredItems.swift */ = {isa = PBXFileReference; lastKnownFileType = sourcecode.swift; path = RegisteredItems.swift; sourceTree = "<group>"; };
		B84FA22B243CB59D00490CA6 /* ShortcutExample.app */ = {isa = PBXFileReference; explicitFileType = wrapper.application; includeInIndex = 0; path = ShortcutExample.app; sourceTree = BUILT_PRODUCTS_DIR; };
		B84FA22E243CB59D00490CA6 /* AppDelegate.swift */ = {isa = PBXFileReference; lastKnownFileType = sourcecode.swift; path = AppDelegate.swift; sourceTree = "<group>"; };
		B84FA232243CB59D00490CA6 /* ViewController.swift */ = {isa = PBXFileReference; lastKnownFileType = sourcecode.swift; path = ViewController.swift; sourceTree = "<group>"; };
		B84FA235243CB59D00490CA6 /* Base */ = {isa = PBXFileReference; lastKnownFileType = file.storyboard; name = Base; path = Base.lproj/Main.storyboard; sourceTree = "<group>"; };
		B84FA237243CB5A200490CA6 /* Assets.xcassets */ = {isa = PBXFileReference; lastKnownFileType = folder.assetcatalog; path = Assets.xcassets; sourceTree = "<group>"; };
		B84FA23A243CB5A200490CA6 /* Base */ = {isa = PBXFileReference; lastKnownFileType = file.storyboard; name = Base; path = Base.lproj/LaunchScreen.storyboard; sourceTree = "<group>"; };
		B84FA23C243CB5A200490CA6 /* Info.plist */ = {isa = PBXFileReference; lastKnownFileType = text.plist.xml; path = Info.plist; sourceTree = "<group>"; };
		B84FA243243CB8DD00490CA6 /* AppCoordinator.swift */ = {isa = PBXFileReference; lastKnownFileType = sourcecode.swift; path = AppCoordinator.swift; sourceTree = "<group>"; };
		B84FA245243CB91300490CA6 /* Coordinator.swift */ = {isa = PBXFileReference; lastKnownFileType = sourcecode.swift; path = Coordinator.swift; sourceTree = "<group>"; };
		B84FA247243CB97700490CA6 /* MainCoordinator.swift */ = {isa = PBXFileReference; lastKnownFileType = sourcecode.swift; path = MainCoordinator.swift; sourceTree = "<group>"; };
		B8719095243E5599001E4E53 /* SecondViewController.swift */ = {isa = PBXFileReference; lastKnownFileType = sourcecode.swift; path = SecondViewController.swift; sourceTree = "<group>"; };
		B8719097243E5639001E4E53 /* HighlightViewController.swift */ = {isa = PBXFileReference; lastKnownFileType = sourcecode.swift; path = HighlightViewController.swift; sourceTree = "<group>"; };
/* End PBXFileReference section */

/* Begin PBXFrameworksBuildPhase section */
		B84FA228243CB59D00490CA6 /* Frameworks */ = {
			isa = PBXFrameworksBuildPhase;
			buildActionMask = 2147483647;
			files = (
			);
			runOnlyForDeploymentPostprocessing = 0;
		};
/* End PBXFrameworksBuildPhase section */

/* Begin PBXGroup section */
		B84FA222243CB59D00490CA6 = {
			isa = PBXGroup;
			children = (
				B84FA22D243CB59D00490CA6 /* ShortcutExample */,
				B84FA22C243CB59D00490CA6 /* Products */,
			);
			sourceTree = "<group>";
		};
		B84FA22C243CB59D00490CA6 /* Products */ = {
			isa = PBXGroup;
			children = (
				B84FA22B243CB59D00490CA6 /* ShortcutExample.app */,
			);
			name = Products;
			sourceTree = "<group>";
		};
		B84FA22D243CB59D00490CA6 /* ShortcutExample */ = {
			isa = PBXGroup;
			children = (
				B8719094243E5577001E4E53 /* Coordinators */,
				B8719093243E556B001E4E53 /* ViewControllers */,
				B8719092243E53AB001E4E53 /* Shortcut */,
				B84FA22E243CB59D00490CA6 /* AppDelegate.swift */,
				B84FA234243CB59D00490CA6 /* Main.storyboard */,
				B84FA237243CB5A200490CA6 /* Assets.xcassets */,
				B84FA239243CB5A200490CA6 /* LaunchScreen.storyboard */,
				B84FA23C243CB5A200490CA6 /* Info.plist */,
			);
			path = ShortcutExample;
			sourceTree = "<group>";
		};
		B8719092243E53AB001E4E53 /* Shortcut */ = {
			isa = PBXGroup;
			children = (
				B82EC3A8243D179200BB0657 /* ShortcutItemManager.swift */,
				B82EC3AC243D1A2300BB0657 /* RegisteredItems.swift */,
				B82EC3A6243D151D00BB0657 /* ShortcutFactory.swift */,
			);
			path = Shortcut;
			sourceTree = "<group>";
		};
		B8719093243E556B001E4E53 /* ViewControllers */ = {
			isa = PBXGroup;
			children = (
				B84FA232243CB59D00490CA6 /* ViewController.swift */,
				B8719095243E5599001E4E53 /* SecondViewController.swift */,
				B8719097243E5639001E4E53 /* HighlightViewController.swift */,
			);
			path = ViewControllers;
			sourceTree = "<group>";
		};
		B8719094243E5577001E4E53 /* Coordinators */ = {
			isa = PBXGroup;
			children = (
				B84FA245243CB91300490CA6 /* Coordinator.swift */,
				B84FA243243CB8DD00490CA6 /* AppCoordinator.swift */,
				B84FA247243CB97700490CA6 /* MainCoordinator.swift */,
			);
			path = Coordinators;
			sourceTree = "<group>";
		};
/* End PBXGroup section */

/* Begin PBXNativeTarget section */
		B84FA22A243CB59D00490CA6 /* ShortcutExample */ = {
			isa = PBXNativeTarget;
			buildConfigurationList = B84FA23F243CB5A200490CA6 /* Build configuration list for PBXNativeTarget "ShortcutExample" */;
			buildPhases = (
				B84FA227243CB59D00490CA6 /* Sources */,
				B84FA228243CB59D00490CA6 /* Frameworks */,
				B84FA229243CB59D00490CA6 /* Resources */,
			);
			buildRules = (
			);
			dependencies = (
			);
			name = ShortcutExample;
			productName = ShortcutExample;
			productReference = B84FA22B243CB59D00490CA6 /* ShortcutExample.app */;
			productType = "com.apple.product-type.application";
		};
/* End PBXNativeTarget section */

/* Begin PBXProject section */
		B84FA223243CB59D00490CA6 /* Project object */ = {
			isa = PBXProject;
			attributes = {
				LastSwiftUpdateCheck = 1130;
				LastUpgradeCheck = 1130;
				ORGANIZATIONNAME = "Salgado Solutions";
				TargetAttributes = {
					B84FA22A243CB59D00490CA6 = {
						CreatedOnToolsVersion = 11.3.1;
					};
				};
			};
			buildConfigurationList = B84FA226243CB59D00490CA6 /* Build configuration list for PBXProject "ShortcutExample" */;
			compatibilityVersion = "Xcode 9.3";
			developmentRegion = en;
			hasScannedForEncodings = 0;
			knownRegions = (
				en,
				Base,
			);
			mainGroup = B84FA222243CB59D00490CA6;
			productRefGroup = B84FA22C243CB59D00490CA6 /* Products */;
			projectDirPath = "";
			projectRoot = "";
			targets = (
				B84FA22A243CB59D00490CA6 /* ShortcutExample */,
			);
		};
/* End PBXProject section */

/* Begin PBXResourcesBuildPhase section */
		B84FA229243CB59D00490CA6 /* Resources */ = {
			isa = PBXResourcesBuildPhase;
			buildActionMask = 2147483647;
			files = (
				B84FA23B243CB5A200490CA6 /* LaunchScreen.storyboard in Resources */,
				B84FA238243CB5A200490CA6 /* Assets.xcassets in Resources */,
				B84FA236243CB59D00490CA6 /* Main.storyboard in Resources */,
			);
			runOnlyForDeploymentPostprocessing = 0;
		};
/* End PBXResourcesBuildPhase section */

/* Begin PBXSourcesBuildPhase section */
		B84FA227243CB59D00490CA6 /* Sources */ = {
			isa = PBXSourcesBuildPhase;
			buildActionMask = 2147483647;
			files = (
				B82EC3AD243D1A2300BB0657 /* RegisteredItems.swift in Sources */,
				B84FA246243CB91300490CA6 /* Coordinator.swift in Sources */,
				B84FA244243CB8DD00490CA6 /* AppCoordinator.swift in Sources */,
				B8719096243E5599001E4E53 /* SecondViewController.swift in Sources */,
				B82EC3A7243D151D00BB0657 /* ShortcutFactory.swift in Sources */,
				B84FA233243CB59D00490CA6 /* ViewController.swift in Sources */,
				B82EC3A9243D179200BB0657 /* ShortcutItemManager.swift in Sources */,
				B8719098243E5639001E4E53 /* HighlightViewController.swift in Sources */,
				B84FA248243CB97700490CA6 /* MainCoordinator.swift in Sources */,
				B84FA22F243CB59D00490CA6 /* AppDelegate.swift in Sources */,
			);
			runOnlyForDeploymentPostprocessing = 0;
		};
/* End PBXSourcesBuildPhase section */

/* Begin PBXVariantGroup section */
		B84FA234243CB59D00490CA6 /* Main.storyboard */ = {
			isa = PBXVariantGroup;
			children = (
				B84FA235243CB59D00490CA6 /* Base */,
			);
			name = Main.storyboard;
			sourceTree = "<group>";
		};
		B84FA239243CB5A200490CA6 /* LaunchScreen.storyboard */ = {
			isa = PBXVariantGroup;
			children = (
				B84FA23A243CB5A200490CA6 /* Base */,
			);
			name = LaunchScreen.storyboard;
			sourceTree = "<group>";
		};
/* End PBXVariantGroup section */

/* Begin XCBuildConfiguration section */
		B84FA23D243CB5A200490CA6 /* Debug */ = {
			isa = XCBuildConfiguration;
			buildSettings = {
				ALWAYS_SEARCH_USER_PATHS = NO;
				CLANG_ANALYZER_NONNULL = YES;
				CLANG_ANALYZER_NUMBER_OBJECT_CONVERSION = YES_AGGRESSIVE;
				CLANG_CXX_LANGUAGE_STANDARD = "gnu++14";
				CLANG_CXX_LIBRARY = "libc++";
				CLANG_ENABLE_MODULES = YES;
				CLANG_ENABLE_OBJC_ARC = YES;
				CLANG_ENABLE_OBJC_WEAK = YES;
				CLANG_WARN_BLOCK_CAPTURE_AUTORELEASING = YES;
				CLANG_WARN_BOOL_CONVERSION = YES;
				CLANG_WARN_COMMA = YES;
				CLANG_WARN_CONSTANT_CONVERSION = YES;
				CLANG_WARN_DEPRECATED_OBJC_IMPLEMENTATIONS = YES;
				CLANG_WARN_DIRECT_OBJC_ISA_USAGE = YES_ERROR;
				CLANG_WARN_DOCUMENTATION_COMMENTS = YES;
				CLANG_WARN_EMPTY_BODY = YES;
				CLANG_WARN_ENUM_CONVERSION = YES;
				CLANG_WARN_INFINITE_RECURSION = YES;
				CLANG_WARN_INT_CONVERSION = YES;
				CLANG_WARN_NON_LITERAL_NULL_CONVERSION = YES;
				CLANG_WARN_OBJC_IMPLICIT_RETAIN_SELF = YES;
				CLANG_WARN_OBJC_LITERAL_CONVERSION = YES;
				CLANG_WARN_OBJC_ROOT_CLASS = YES_ERROR;
				CLANG_WARN_RANGE_LOOP_ANALYSIS = YES;
				CLANG_WARN_STRICT_PROTOTYPES = YES;
				CLANG_WARN_SUSPICIOUS_MOVE = YES;
				CLANG_WARN_UNGUARDED_AVAILABILITY = YES_AGGRESSIVE;
				CLANG_WARN_UNREACHABLE_CODE = YES;
				CLANG_WARN__DUPLICATE_METHOD_MATCH = YES;
				COPY_PHASE_STRIP = NO;
				DEBUG_INFORMATION_FORMAT = dwarf;
				ENABLE_STRICT_OBJC_MSGSEND = YES;
				ENABLE_TESTABILITY = YES;
				GCC_C_LANGUAGE_STANDARD = gnu11;
				GCC_DYNAMIC_NO_PIC = NO;
				GCC_NO_COMMON_BLOCKS = YES;
				GCC_OPTIMIZATION_LEVEL = 0;
				GCC_PREPROCESSOR_DEFINITIONS = (
					"DEBUG=1",
					"$(inherited)",
				);
				GCC_WARN_64_TO_32_BIT_CONVERSION = YES;
				GCC_WARN_ABOUT_RETURN_TYPE = YES_ERROR;
				GCC_WARN_UNDECLARED_SELECTOR = YES;
				GCC_WARN_UNINITIALIZED_AUTOS = YES_AGGRESSIVE;
				GCC_WARN_UNUSED_FUNCTION = YES;
				GCC_WARN_UNUSED_VARIABLE = YES;
				IPHONEOS_DEPLOYMENT_TARGET = 13.2;
				MTL_ENABLE_DEBUG_INFO = INCLUDE_SOURCE;
				MTL_FAST_MATH = YES;
				ONLY_ACTIVE_ARCH = YES;
				SDKROOT = iphoneos;
				SWIFT_ACTIVE_COMPILATION_CONDITIONS = DEBUG;
				SWIFT_OPTIMIZATION_LEVEL = "-Onone";
			};
			name = Debug;
		};
		B84FA23E243CB5A200490CA6 /* Release */ = {
			isa = XCBuildConfiguration;
			buildSettings = {
				ALWAYS_SEARCH_USER_PATHS = NO;
				CLANG_ANALYZER_NONNULL = YES;
				CLANG_ANALYZER_NUMBER_OBJECT_CONVERSION = YES_AGGRESSIVE;
				CLANG_CXX_LANGUAGE_STANDARD = "gnu++14";
				CLANG_CXX_LIBRARY = "libc++";
				CLANG_ENABLE_MODULES = YES;
				CLANG_ENABLE_OBJC_ARC = YES;
				CLANG_ENABLE_OBJC_WEAK = YES;
				CLANG_WARN_BLOCK_CAPTURE_AUTORELEASING = YES;
				CLANG_WARN_BOOL_CONVERSION = YES;
				CLANG_WARN_COMMA = YES;
				CLANG_WARN_CONSTANT_CONVERSION = YES;
				CLANG_WARN_DEPRECATED_OBJC_IMPLEMENTATIONS = YES;
				CLANG_WARN_DIRECT_OBJC_ISA_USAGE = YES_ERROR;
				CLANG_WARN_DOCUMENTATION_COMMENTS = YES;
				CLANG_WARN_EMPTY_BODY = YES;
				CLANG_WARN_ENUM_CONVERSION = YES;
				CLANG_WARN_INFINITE_RECURSION = YES;
				CLANG_WARN_INT_CONVERSION = YES;
				CLANG_WARN_NON_LITERAL_NULL_CONVERSION = YES;
				CLANG_WARN_OBJC_IMPLICIT_RETAIN_SELF = YES;
				CLANG_WARN_OBJC_LITERAL_CONVERSION = YES;
				CLANG_WARN_OBJC_ROOT_CLASS = YES_ERROR;
				CLANG_WARN_RANGE_LOOP_ANALYSIS = YES;
				CLANG_WARN_STRICT_PROTOTYPES = YES;
				CLANG_WARN_SUSPICIOUS_MOVE = YES;
				CLANG_WARN_UNGUARDED_AVAILABILITY = YES_AGGRESSIVE;
				CLANG_WARN_UNREACHABLE_CODE = YES;
				CLANG_WARN__DUPLICATE_METHOD_MATCH = YES;
				COPY_PHASE_STRIP = NO;
				DEBUG_INFORMATION_FORMAT = "dwarf-with-dsym";
				ENABLE_NS_ASSERTIONS = NO;
				ENABLE_STRICT_OBJC_MSGSEND = YES;
				GCC_C_LANGUAGE_STANDARD = gnu11;
				GCC_NO_COMMON_BLOCKS = YES;
				GCC_WARN_64_TO_32_BIT_CONVERSION = YES;
				GCC_WARN_ABOUT_RETURN_TYPE = YES_ERROR;
				GCC_WARN_UNDECLARED_SELECTOR = YES;
				GCC_WARN_UNINITIALIZED_AUTOS = YES_AGGRESSIVE;
				GCC_WARN_UNUSED_FUNCTION = YES;
				GCC_WARN_UNUSED_VARIABLE = YES;
				IPHONEOS_DEPLOYMENT_TARGET = 13.2;
				MTL_ENABLE_DEBUG_INFO = NO;
				MTL_FAST_MATH = YES;
				SDKROOT = iphoneos;
				SWIFT_COMPILATION_MODE = wholemodule;
				SWIFT_OPTIMIZATION_LEVEL = "-O";
				VALIDATE_PRODUCT = YES;
			};
			name = Release;
		};
		B84FA240243CB5A200490CA6 /* Debug */ = {
			isa = XCBuildConfiguration;
			buildSettings = {
				ASSETCATALOG_COMPILER_APPICON_NAME = AppIcon;
				CODE_SIGN_STYLE = Automatic;
				INFOPLIST_FILE = ShortcutExample/Info.plist;
				IPHONEOS_DEPLOYMENT_TARGET = 12.0;
				LD_RUNPATH_SEARCH_PATHS = (
					"$(inherited)",
					"@executable_path/Frameworks",
				);
				MARKETING_VERSION = 1.0.0;
				PRODUCT_BUNDLE_IDENTIFIER = com.salgados.ShortcutExample;
				PRODUCT_NAME = "$(TARGET_NAME)";
				SWIFT_VERSION = 5.0;
				TARGETED_DEVICE_FAMILY = 1;
			};
			name = Debug;
		};
		B84FA241243CB5A200490CA6 /* Release */ = {
			isa = XCBuildConfiguration;
			buildSettings = {
				ASSETCATALOG_COMPILER_APPICON_NAME = AppIcon;
				CODE_SIGN_STYLE = Automatic;
				INFOPLIST_FILE = ShortcutExample/Info.plist;
				IPHONEOS_DEPLOYMENT_TARGET = 12.0;
				LD_RUNPATH_SEARCH_PATHS = (
					"$(inherited)",
					"@executable_path/Frameworks",
				);
				MARKETING_VERSION = 1.0.0;
				PRODUCT_BUNDLE_IDENTIFIER = com.salgados.ShortcutExample;
				PRODUCT_NAME = "$(TARGET_NAME)";
				SWIFT_VERSION = 5.0;
				TARGETED_DEVICE_FAMILY = 1;
			};
			name = Release;
		};
/* End XCBuildConfiguration section */

/* Begin XCConfigurationList section */
		B84FA226243CB59D00490CA6 /* Build configuration list for PBXProject "ShortcutExample" */ = {
			isa = XCConfigurationList;
			buildConfigurations = (
				B84FA23D243CB5A200490CA6 /* Debug */,
				B84FA23E243CB5A200490CA6 /* Release */,
			);
			defaultConfigurationIsVisible = 0;
			defaultConfigurationName = Release;
		};
		B84FA23F243CB5A200490CA6 /* Build configuration list for PBXNativeTarget "ShortcutExample" */ = {
			isa = XCConfigurationList;
			buildConfigurations = (
				B84FA240243CB5A200490CA6 /* Debug */,
				B84FA241243CB5A200490CA6 /* Release */,
			);
			defaultConfigurationIsVisible = 0;
			defaultConfigurationName = Release;
		};
/* End XCConfigurationList section */
	};
	rootObject = B84FA223243CB59D00490CA6 /* Project object */;
}
